
Microsoft Visual Studio Solution File, Format Version 12.00
# Visual Studio Version 17
VisualStudioVersion = 17.9.34728.123
MinimumVisualStudioVersion = 10.0.40219.1
Project("{8BC9CEB8-8B4A-11D0-8D11-00A0C91BC942}") = "c-language", "c-language\c-language.vcxproj", "{D0FC4ADC-2C22-4ECE-8EFC-327DCCE653AE}"
EndProject
Global
	GlobalSection(SolutionConfigurationPlatforms) = preSolution
		Debug|x64 = Debug|x64
		Debug|x86 = Debug|x86
		Release|x64 = Release|x64
		Release|x86 = Release|x86
	EndGlobalSection
	GlobalSection(ProjectConfigurationPlatforms) = postSolution
		{D0FC4ADC-2C22-4ECE-8EFC-327DCCE653AE}.Debug|x64.ActiveCfg = Debug|x64
		{D0FC4ADC-2C22-4ECE-8EFC-327DCCE653AE}.Debug|x64.Build.0 = Debug|x64
		{D0FC4ADC-2C22-4ECE-8EFC-327DCCE653AE}.Debug|x86.ActiveCfg = Debug|Win32
		{D0FC4ADC-2C22-4ECE-8EFC-327DCCE653AE}.Debug|x86.Build.0 = Debug|Win32
		{D0FC4ADC-2C22-4ECE-8EFC-327DCCE653AE}.Release|x64.ActiveCfg = Release|x64
		{D0FC4ADC-2C22-4ECE-8EFC-327DCCE653AE}.Release|x64.Build.0 = Release|x64
		{D0FC4ADC-2C22-4ECE-8EFC-327DCCE653AE}.Release|x86.ActiveCfg = Release|Win32
		{D0FC4ADC-2C22-4ECE-8EFC-327DCCE653AE}.Release|x86.Build.0 = Release|Win32
	EndGlobalSection
	GlobalSection(SolutionProperties) = preSolution
		HideSolutionNode = FALSE
	EndGlobalSection
	GlobalSection(ExtensibilityGlobals) = postSolution
		SolutionGuid = {24F1A7C5-8AA5-49A0-8781-C4D5B455FC0C}
	EndGlobalSection
EndGlobal
